Microsoft Visual Studio Solution File, Format Version 12.00
# Visual Studio Version 17
VisualStudioVersion = 17.8.34310.169
MinimumVisualStudioVersion = 10.0.40219.1
Project("{FAE04EC0-301F-11D3-BF4B-00C04F79EFBC}") = "Test_migrationMvc", "Test_migrationMvc\Test_migrationMvc.csproj", "{40C95C5F-1308-5A2A-BECA-974B6E1A00B3}"
EndProject
Global
	GlobalSection(SolutionConfigurationPlatforms) = preSolution
		Debug|Any CPU = Debug|Any CPU
		Release|Any CPU = Release|Any CPU
	EndGlobalSection
	GlobalSection(ProjectConfigurationPlatforms) = postSolution
		{40C95C5F-1308-5A2A-BECA-974B6E1A00B3}.Debug|Any CPU.ActiveCfg = Debug|Any CPU
		{40C95C5F-1308-5A2A-BECA-974B6E1A00B3}.Debug|Any CPU.Build.0 = Debug|Any CPU
		{40C95C5F-1308-5A2A-BECA-974B6E1A00B3}.Release|Any CPU.ActiveCfg = Release|Any CPU
		{40C95C5F-1308-5A2A-BECA-974B6E1A00B3}.Release|Any CPU.Build.0 = Release|Any CPU
	EndGlobalSection
	GlobalSection(SolutionProperties) = preSolution
		HideSolutionNode = FALSE
	EndGlobalSection
EndGlobal
