Microsoft Visual Studio Solution File, Format Version 12.00
# Visual Studio Version 17
VisualStudioVersion = 17.8.34310.169
MinimumVisualStudioVersion = 10.0.40219.1
Project("{FAE04EC0-301F-11D3-BF4B-00C04F79EFBC}") = "cobolProjectMvc", "cobolProjectMvc\cobolProjectMvc.csproj", "{755B74E9-E1A3-5FDF-ABDC-9A71A4042966}"
EndProject
Global
	GlobalSection(SolutionConfigurationPlatforms) = preSolution
		Debug|Any CPU = Debug|Any CPU
		Release|Any CPU = Release|Any CPU
	EndGlobalSection
	GlobalSection(ProjectConfigurationPlatforms) = postSolution
		{755B74E9-E1A3-5FDF-ABDC-9A71A4042966}.Debug|Any CPU.ActiveCfg = Debug|Any CPU
		{755B74E9-E1A3-5FDF-ABDC-9A71A4042966}.Debug|Any CPU.Build.0 = Debug|Any CPU
		{755B74E9-E1A3-5FDF-ABDC-9A71A4042966}.Release|Any CPU.ActiveCfg = Release|Any CPU
		{755B74E9-E1A3-5FDF-ABDC-9A71A4042966}.Release|Any CPU.Build.0 = Release|Any CPU
	EndGlobalSection
	GlobalSection(SolutionProperties) = preSolution
		HideSolutionNode = FALSE
	EndGlobalSection
EndGlobal
