Microsoft Visual Studio Solution File, Format Version 12.00
# Visual Studio Version 17
VisualStudioVersion = 17.8.34310.169
MinimumVisualStudioVersion = 10.0.40219.1
Project("{FAE04EC0-301F-11D3-BF4B-00C04F79EFBC}") = "empMvc", "empMvc\empMvc.csproj", "{E9BD7719-900E-5C5B-A12D-FBB1C7058803}"
EndProject
Global
	GlobalSection(SolutionConfigurationPlatforms) = preSolution
		Debug|Any CPU = Debug|Any CPU
		Release|Any CPU = Release|Any CPU
	EndGlobalSection
	GlobalSection(ProjectConfigurationPlatforms) = postSolution
		{E9BD7719-900E-5C5B-A12D-FBB1C7058803}.Debug|Any CPU.ActiveCfg = Debug|Any CPU
		{E9BD7719-900E-5C5B-A12D-FBB1C7058803}.Debug|Any CPU.Build.0 = Debug|Any CPU
		{E9BD7719-900E-5C5B-A12D-FBB1C7058803}.Release|Any CPU.ActiveCfg = Release|Any CPU
		{E9BD7719-900E-5C5B-A12D-FBB1C7058803}.Release|Any CPU.Build.0 = Release|Any CPU
	EndGlobalSection
	GlobalSection(SolutionProperties) = preSolution
		HideSolutionNode = FALSE
	EndGlobalSection
EndGlobal
